
Microsoft Visual Studio Solution File, Format Version 12.00
# Visual Studio 14
VisualStudioVersion = 14.0.25420.1
MinimumVisualStudioVersion = 10.0.40219.1
Project("{FAE04EC0-301F-11D3-BF4B-00C04F79EFBC}") = "SYRIS Mini", "SYRIS Mini.csproj", "{1ED90DFE-8210-4A51-8DB3-D553B2D65536}"
EndProject
Global
	GlobalSection(SolutionConfigurationPlatforms) = preSolution
		Debug|Any CPU = Debug|Any CPU
		Release|Any CPU = Release|Any CPU
	EndGlobalSection
	GlobalSection(ProjectConfigurationPlatforms) = postSolution
		{1ED90DFE-8210-4A51-8DB3-D553B2D65536}.Debug|Any CPU.ActiveCfg = Debug|Any CPU
		{1ED90DFE-8210-4A51-8DB3-D553B2D65536}.Debug|Any CPU.Build.0 = Debug|Any CPU
		{1ED90DFE-8210-4A51-8DB3-D553B2D65536}.Release|Any CPU.ActiveCfg = Release|Any CPU
		{1ED90DFE-8210-4A51-8DB3-D553B2D65536}.Release|Any CPU.Build.0 = Release|Any CPU
	EndGlobalSection
	GlobalSection(SolutionProperties) = preSolution
		HideSolutionNode = FALSE
	EndGlobalSection
EndGlobal
